
Microsoft Visual Studio Solution File, Format Version 12.00
# Visual Studio Version 17
VisualStudioVersion = 17.4.33213.308
MinimumVisualStudioVersion = 10.0.40219.1
Project("{FAE04EC0-301F-11D3-BF4B-00C04F79EFBC}") = "Console-UI", "Console-UI\Console-UI.csproj", "{7DC376CE-F707-46B9-A963-8CD1E46E6FC5}"
EndProject
Project("{FAE04EC0-301F-11D3-BF4B-00C04F79EFBC}") = "Business_Logic", "Business_Logic\Business_Logic.csproj", "{117396F5-82C8-42F4-A147-F7C757C567D6}"
EndProject
Project("{FAE04EC0-301F-11D3-BF4B-00C04F79EFBC}") = "Data Logic", "Data Logic\Data Logic.csproj", "{490AAE6A-D7F3-46B0-837F-E7ED55F4A435}"
EndProject
Project("{FAE04EC0-301F-11D3-BF4B-00C04F79EFBC}") = "Fluent_API", "Fluent_API\Fluent_API.csproj", "{98534111-665E-45AE-A7E4-D75417311BCC}"
EndProject
Project("{FAE04EC0-301F-11D3-BF4B-00C04F79EFBC}") = "Models", "Models\Models.csproj", "{64E0C5E6-8AD9-4C30-91A6-F54D34FB5BF9}"
EndProject
Global
	GlobalSection(SolutionConfigurationPlatforms) = preSolution
		Debug|Any CPU = Debug|Any CPU
		Release|Any CPU = Release|Any CPU
	EndGlobalSection
	GlobalSection(ProjectConfigurationPlatforms) = postSolution
		{7DC376CE-F707-46B9-A963-8CD1E46E6FC5}.Debug|Any CPU.ActiveCfg = Debug|Any CPU
		{7DC376CE-F707-46B9-A963-8CD1E46E6FC5}.Debug|Any CPU.Build.0 = Debug|Any CPU
		{7DC376CE-F707-46B9-A963-8CD1E46E6FC5}.Release|Any CPU.ActiveCfg = Release|Any CPU
		{7DC376CE-F707-46B9-A963-8CD1E46E6FC5}.Release|Any CPU.Build.0 = Release|Any CPU
		{117396F5-82C8-42F4-A147-F7C757C567D6}.Debug|Any CPU.ActiveCfg = Debug|Any CPU
		{117396F5-82C8-42F4-A147-F7C757C567D6}.Debug|Any CPU.Build.0 = Debug|Any CPU
		{117396F5-82C8-42F4-A147-F7C757C567D6}.Release|Any CPU.ActiveCfg = Release|Any CPU
		{117396F5-82C8-42F4-A147-F7C757C567D6}.Release|Any CPU.Build.0 = Release|Any CPU
		{490AAE6A-D7F3-46B0-837F-E7ED55F4A435}.Debug|Any CPU.ActiveCfg = Debug|Any CPU
		{490AAE6A-D7F3-46B0-837F-E7ED55F4A435}.Debug|Any CPU.Build.0 = Debug|Any CPU
		{490AAE6A-D7F3-46B0-837F-E7ED55F4A435}.Release|Any CPU.ActiveCfg = Release|Any CPU
		{490AAE6A-D7F3-46B0-837F-E7ED55F4A435}.Release|Any CPU.Build.0 = Release|Any CPU
		{98534111-665E-45AE-A7E4-D75417311BCC}.Debug|Any CPU.ActiveCfg = Debug|Any CPU
		{98534111-665E-45AE-A7E4-D75417311BCC}.Debug|Any CPU.Build.0 = Debug|Any CPU
		{98534111-665E-45AE-A7E4-D75417311BCC}.Release|Any CPU.ActiveCfg = Release|Any CPU
		{98534111-665E-45AE-A7E4-D75417311BCC}.Release|Any CPU.Build.0 = Release|Any CPU
		{64E0C5E6-8AD9-4C30-91A6-F54D34FB5BF9}.Debug|Any CPU.ActiveCfg = Debug|Any CPU
		{64E0C5E6-8AD9-4C30-91A6-F54D34FB5BF9}.Debug|Any CPU.Build.0 = Debug|Any CPU
		{64E0C5E6-8AD9-4C30-91A6-F54D34FB5BF9}.Release|Any CPU.ActiveCfg = Release|Any CPU
		{64E0C5E6-8AD9-4C30-91A6-F54D34FB5BF9}.Release|Any CPU.Build.0 = Release|Any CPU
	EndGlobalSection
	GlobalSection(SolutionProperties) = preSolution
		HideSolutionNode = FALSE
	EndGlobalSection
	GlobalSection(ExtensibilityGlobals) = postSolution
		SolutionGuid = {5B873884-0ECD-48EC-9611-F84F7B1F7887}
	EndGlobalSection
EndGlobal
