
Microsoft Visual Studio Solution File, Format Version 12.00
# Visual Studio Version 17
VisualStudioVersion = 17.4.33213.308
MinimumVisualStudioVersion = 10.0.40219.1
Project("{FAE04EC0-301F-11D3-BF4B-00C04F79EFBC}") = "One_on_One", "One_on_One\One_on_One.csproj", "{D7E4A563-1BE1-4CF3-BB21-3812C28D23C7}"
EndProject
Global
	GlobalSection(SolutionConfigurationPlatforms) = preSolution
		Debug|Any CPU = Debug|Any CPU
		Release|Any CPU = Release|Any CPU
	EndGlobalSection
	GlobalSection(ProjectConfigurationPlatforms) = postSolution
		{D7E4A563-1BE1-4CF3-BB21-3812C28D23C7}.Debug|Any CPU.ActiveCfg = Debug|Any CPU
		{D7E4A563-1BE1-4CF3-BB21-3812C28D23C7}.Debug|Any CPU.Build.0 = Debug|Any CPU
		{D7E4A563-1BE1-4CF3-BB21-3812C28D23C7}.Release|Any CPU.ActiveCfg = Release|Any CPU
		{D7E4A563-1BE1-4CF3-BB21-3812C28D23C7}.Release|Any CPU.Build.0 = Release|Any CPU
	EndGlobalSection
	GlobalSection(SolutionProperties) = preSolution
		HideSolutionNode = FALSE
	EndGlobalSection
	GlobalSection(ExtensibilityGlobals) = postSolution
		SolutionGuid = {3C89C803-1F59-4E97-A720-EE8C1FE7CE73}
	EndGlobalSection
EndGlobal
